# This file is automatically @generated by Cargo.
# It is not intended for manual editing.
version = 4

[[package]]
name = "argtea"
version = "1.0.1"
source = "registry+https://github.com/rust-lang/crates.io-index"
checksum = "75bbfe5a6458d78bb8955fd6e0a4a6c52706e5d9d2d8f1d047894be3735c555a"

[[package]]
name = "vcat_cli"
version = "0.1.0"
dependencies = [
 "argtea",
]
