# This file is automatically @generated by Cargo.
# It is not intended for manual editing.
version = 4

[[package]]
name = "argtea"
version = "2.0.0"
source = "registry+https://github.com/rust-lang/crates.io-index"
checksum = "2a981dbaee71b2237fa2cdea68ca3dfe40689c25548dfbbb8c8fb29a238076da"

[[package]]
name = "vcat_cli"
version = "0.1.0"
dependencies = [
 "argtea",
]
