# This file is automatically @generated by Cargo.
# It is not intended for manual editing.
version = 4

[[package]]
name = "argtea"
version = "2.1.0"
source = "registry+https://github.com/rust-lang/crates.io-index"
checksum = "a5defc09ee962ea8acffab00e795709fea9749bebca3718e5bf6a0412eba28f5"

[[package]]
name = "vcat_cli"
version = "0.1.0"
dependencies = [
 "argtea",
]
